
Microsoft Visual Studio Solution File, Format Version 12.00
# Visual Studio Version 16
VisualStudioVersion = 16.0.32901.82
MinimumVisualStudioVersion = 10.0.40219.1
Project("{FAE04EC0-301F-11D3-BF4B-00C04F79EFBC}") = "GeneratorParol", "GeneratorParol\GeneratorParol.csproj", "{847D116C-EE6D-425C-8B68-123ECCB15AAE}"
EndProject
Global
	GlobalSection(SolutionConfigurationPlatforms) = preSolution
		Debug|Any CPU = Debug|Any CPU
		Release|Any CPU = Release|Any CPU
	EndGlobalSection
	GlobalSection(ProjectConfigurationPlatforms) = postSolution
		{847D116C-EE6D-425C-8B68-123ECCB15AAE}.Debug|Any CPU.ActiveCfg = Debug|Any CPU
		{847D116C-EE6D-425C-8B68-123ECCB15AAE}.Debug|Any CPU.Build.0 = Debug|Any CPU
		{847D116C-EE6D-425C-8B68-123ECCB15AAE}.Release|Any CPU.ActiveCfg = Release|Any CPU
		{847D116C-EE6D-425C-8B68-123ECCB15AAE}.Release|Any CPU.Build.0 = Release|Any CPU
	EndGlobalSection
	GlobalSection(SolutionProperties) = preSolution
		HideSolutionNode = FALSE
	EndGlobalSection
	GlobalSection(ExtensibilityGlobals) = postSolution
		SolutionGuid = {DC74B4DE-1D73-45B6-A21D-BEFD8B494D5C}
	EndGlobalSection
EndGlobal
